
Microsoft Visual Studio Solution File, Format Version 12.00
# Visual Studio 15
VisualStudioVersion = 15.0.28010.2026
MinimumVisualStudioVersion = 10.0.40219.1
Project("{9A19103F-16F7-4668-BE54-9A1E7A4F7556}") = "KingPim.Web", "KingPim.Web\KingPim.Web.csproj", "{3ABF3B11-5033-47D6-9BA0-61E7DA8C1FA8}"
EndProject
Project("{9A19103F-16F7-4668-BE54-9A1E7A4F7556}") = "KingPim.Data", "KingPim.Data\KingPim.Data.csproj", "{30E183DF-E52A-48DE-ACA4-E163A45F5F73}"
EndProject
Project("{9A19103F-16F7-4668-BE54-9A1E7A4F7556}") = "KingPim.Models", "KingPim.Models\KingPim.Models.csproj", "{BBF292F0-B438-48CA-9A6B-DDB8FEF5A764}"
EndProject
Project("{9A19103F-16F7-4668-BE54-9A1E7A4F7556}") = "KingPim.Repositories", "KingPim.Repositories\KingPim.Repositories.csproj", "{80A190EE-0D11-452C-A6DC-F6776F6415E5}"
EndProject
Global
	GlobalSection(SolutionConfigurationPlatforms) = preSolution
		Debug|Any CPU = Debug|Any CPU
		Release|Any CPU = Release|Any CPU
	EndGlobalSection
	GlobalSection(ProjectConfigurationPlatforms) = postSolution
		{3ABF3B11-5033-47D6-9BA0-61E7DA8C1FA8}.Debug|Any CPU.ActiveCfg = Debug|Any CPU
		{3ABF3B11-5033-47D6-9BA0-61E7DA8C1FA8}.Debug|Any CPU.Build.0 = Debug|Any CPU
		{3ABF3B11-5033-47D6-9BA0-61E7DA8C1FA8}.Release|Any CPU.ActiveCfg = Release|Any CPU
		{3ABF3B11-5033-47D6-9BA0-61E7DA8C1FA8}.Release|Any CPU.Build.0 = Release|Any CPU
		{30E183DF-E52A-48DE-ACA4-E163A45F5F73}.Debug|Any CPU.ActiveCfg = Debug|Any CPU
		{30E183DF-E52A-48DE-ACA4-E163A45F5F73}.Debug|Any CPU.Build.0 = Debug|Any CPU
		{30E183DF-E52A-48DE-ACA4-E163A45F5F73}.Release|Any CPU.ActiveCfg = Release|Any CPU
		{30E183DF-E52A-48DE-ACA4-E163A45F5F73}.Release|Any CPU.Build.0 = Release|Any CPU
		{BBF292F0-B438-48CA-9A6B-DDB8FEF5A764}.Debug|Any CPU.ActiveCfg = Debug|Any CPU
		{BBF292F0-B438-48CA-9A6B-DDB8FEF5A764}.Debug|Any CPU.Build.0 = Debug|Any CPU
		{BBF292F0-B438-48CA-9A6B-DDB8FEF5A764}.Release|Any CPU.ActiveCfg = Release|Any CPU
		{BBF292F0-B438-48CA-9A6B-DDB8FEF5A764}.Release|Any CPU.Build.0 = Release|Any CPU
		{80A190EE-0D11-452C-A6DC-F6776F6415E5}.Debug|Any CPU.ActiveCfg = Debug|Any CPU
		{80A190EE-0D11-452C-A6DC-F6776F6415E5}.Debug|Any CPU.Build.0 = Debug|Any CPU
		{80A190EE-0D11-452C-A6DC-F6776F6415E5}.Release|Any CPU.ActiveCfg = Release|Any CPU
		{80A190EE-0D11-452C-A6DC-F6776F6415E5}.Release|Any CPU.Build.0 = Release|Any CPU
	EndGlobalSection
	GlobalSection(SolutionProperties) = preSolution
		HideSolutionNode = FALSE
	EndGlobalSection
	GlobalSection(ExtensibilityGlobals) = postSolution
		SolutionGuid = {8E6F241B-52DA-45FB-85DF-FB8FFC97B32F}
	EndGlobalSection
EndGlobal
